
Microsoft Visual Studio Solution File, Format Version 12.00
# Visual Studio Version 17
VisualStudioVersion = 17.5.33424.131
MinimumVisualStudioVersion = 10.0.40219.1
Project("{FAE04EC0-301F-11D3-BF4B-00C04F79EFBC}") = "BannerlordTwee", "BannerlordTwee\BannerlordTwee.csproj", "{5B738071-6B2A-40F2-8351-DE50287AE7BE}"
EndProject
Project("{FAE04EC0-301F-11D3-BF4B-00C04F79EFBC}") = "BannerlordTwee.Test", "BannerlordTwee.Test\BannerlordTwee.Test.csproj", "{1DB0CE49-980C-48C3-8DEA-04ADC2FD1F1A}"
EndProject
Global
	GlobalSection(SolutionConfigurationPlatforms) = preSolution
		Debug|Any CPU = Debug|Any CPU
		Release|Any CPU = Release|Any CPU
	EndGlobalSection
	GlobalSection(ProjectConfigurationPlatforms) = postSolution
		{5B738071-6B2A-40F2-8351-DE50287AE7BE}.Debug|Any CPU.ActiveCfg = Debug|Any CPU
		{5B738071-6B2A-40F2-8351-DE50287AE7BE}.Debug|Any CPU.Build.0 = Debug|Any CPU
		{5B738071-6B2A-40F2-8351-DE50287AE7BE}.Release|Any CPU.ActiveCfg = Release|Any CPU
		{5B738071-6B2A-40F2-8351-DE50287AE7BE}.Release|Any CPU.Build.0 = Release|Any CPU
		{1DB0CE49-980C-48C3-8DEA-04ADC2FD1F1A}.Debug|Any CPU.ActiveCfg = Debug|Any CPU
		{1DB0CE49-980C-48C3-8DEA-04ADC2FD1F1A}.Debug|Any CPU.Build.0 = Debug|Any CPU
		{1DB0CE49-980C-48C3-8DEA-04ADC2FD1F1A}.Release|Any CPU.ActiveCfg = Release|Any CPU
		{1DB0CE49-980C-48C3-8DEA-04ADC2FD1F1A}.Release|Any CPU.Build.0 = Release|Any CPU
	EndGlobalSection
	GlobalSection(SolutionProperties) = preSolution
		HideSolutionNode = FALSE
	EndGlobalSection
	GlobalSection(ExtensibilityGlobals) = postSolution
		SolutionGuid = {1006AEDD-FCEB-40FE-888E-EC401BEA39C0}
	EndGlobalSection
EndGlobal
